// !$*UTF8*$!
{
	archiveVersion = 1;
	classes = {
	};
	objectVersion = 77;
	objects = {

/* Begin PBXBuildFile section */
		42075C705E74F3FEDBB1DE96 /* confirmation.html in Resources */ = {isa = PBXBuildFile; fileRef = 98B03537A086EC164E34D05A /* confirmation.html */; };
		4943FCAF25A5207D02CD0B2C /* ContentView.swift in Sources */ = {isa = PBXBuildFile; fileRef = B8AC8D3A2B50B94A744EFD1E /* ContentView.swift */; };
		4B97E2975046BA782E868860 /* RoktWebViewDemoApp.swift in Sources */ = {isa = PBXBuildFile; fileRef = 9103501E9C1DDBF4AF352CDB /* RoktWebViewDemoApp.swift */; };
		BFF544137347CC17846A6C31 /* ScriptMessageProxy.swift in Sources */ = {isa = PBXBuildFile; fileRef = D83F36E23FB960B24CB16966 /* ScriptMessageProxy.swift */; };
		ED2519F3E32900A35A89111A /* WebView.swift in Sources */ = {isa = PBXBuildFile; fileRef = 5F2614E2D9D6C97A9A896A37 /* WebView.swift */; };
/* End PBXBuildFile section */

/* Begin PBXFileReference section */
		5F2614E2D9D6C97A9A896A37 /* WebView.swift */ = {isa = PBXFileReference; lastKnownFileType = sourcecode.swift; path = WebView.swift; sourceTree = "<group>"; };
		9103501E9C1DDBF4AF352CDB /* RoktWebViewDemoApp.swift */ = {isa = PBXFileReference; lastKnownFileType = sourcecode.swift; path = RoktWebViewDemoApp.swift; sourceTree = "<group>"; };
		98B03537A086EC164E34D05A /* confirmation.html */ = {isa = PBXFileReference; lastKnownFileType = text.html; path = confirmation.html; sourceTree = "<group>"; };
		B8AC8D3A2B50B94A744EFD1E /* ContentView.swift */ = {isa = PBXFileReference; lastKnownFileType = sourcecode.swift; path = ContentView.swift; sourceTree = "<group>"; };
		D01B6E246E9D3F6E0E9257D6 /* RoktWebViewDemo.app */ = {isa = PBXFileReference; includeInIndex = 0; lastKnownFileType = wrapper.application; path = RoktWebViewDemo.app; sourceTree = BUILT_PRODUCTS_DIR; };
		D83F36E23FB960B24CB16966 /* ScriptMessageProxy.swift */ = {isa = PBXFileReference; lastKnownFileType = sourcecode.swift; path = ScriptMessageProxy.swift; sourceTree = "<group>"; };
/* End PBXFileReference section */

/* Begin PBXGroup section */
		4869153D59B74B32086309E2 = {
			isa = PBXGroup;
			children = (
				E9704F0BD2594FDB51866224 /* RoktWebViewDemo */,
				4EA84CB9EFF31A2EE497ED9C /* Products */,
			);
			sourceTree = "<group>";
		};
		4EA84CB9EFF31A2EE497ED9C /* Products */ = {
			isa = PBXGroup;
			children = (
				D01B6E246E9D3F6E0E9257D6 /* RoktWebViewDemo.app */,
			);
			name = Products;
			sourceTree = "<group>";
		};
		E9704F0BD2594FDB51866224 /* RoktWebViewDemo */ = {
			isa = PBXGroup;
			children = (
				98B03537A086EC164E34D05A /* confirmation.html */,
				B8AC8D3A2B50B94A744EFD1E /* ContentView.swift */,
				9103501E9C1DDBF4AF352CDB /* RoktWebViewDemoApp.swift */,
				D83F36E23FB960B24CB16966 /* ScriptMessageProxy.swift */,
				5F2614E2D9D6C97A9A896A37 /* WebView.swift */,
			);
			path = RoktWebViewDemo;
			sourceTree = "<group>";
		};
/* End PBXGroup section */

/* Begin PBXNativeTarget section */
		22676C7FE7330977DC1D495F /* RoktWebViewDemo */ = {
			isa = PBXNativeTarget;
			buildConfigurationList = F25E22F298F513BCD76D56A7 /* Build configuration list for PBXNativeTarget "RoktWebViewDemo" */;
			buildPhases = (
				16FB1521CC9E7942A67F73C0 /* Sources */,
				6C6547A901505749252A09A2 /* Resources */,
			);
			buildRules = (
			);
			dependencies = (
			);
			name = RoktWebViewDemo;
			packageProductDependencies = (
			);
			productName = RoktWebViewDemo;
			productReference = D01B6E246E9D3F6E0E9257D6 /* RoktWebViewDemo.app */;
			productType = "com.apple.product-type.application";
		};
/* End PBXNativeTarget section */

/* Begin PBXProject section */
		4AAAC14AFCD91AD81216A5C8 /* Project object */ = {
			isa = PBXProject;
			attributes = {
				BuildIndependentTargetsInParallel = YES;
				LastUpgradeCheck = 1500;
				TargetAttributes = {
					22676C7FE7330977DC1D495F = {
						ProvisioningStyle = Automatic;
					};
				};
			};
			buildConfigurationList = B5D644AFB1D3C30F6D158276 /* Build configuration list for PBXProject "RoktWebViewDemo" */;
			developmentRegion = en;
			hasScannedForEncodings = 0;
			knownRegions = (
				Base,
				en,
			);
			mainGroup = 4869153D59B74B32086309E2;
			minimizedProjectReferenceProxies = 1;
			preferredProjectObjectVersion = 77;
			productRefGroup = 4EA84CB9EFF31A2EE497ED9C /* Products */;
			projectDirPath = "";
			projectRoot = "";
			targets = (
				22676C7FE7330977DC1D495F /* RoktWebViewDemo */,
			);
		};
/* End PBXProject section */

/* Begin PBXResourcesBuildPhase section */
		6C6547A901505749252A09A2 /* Resources */ = {
			isa = PBXResourcesBuildPhase;
			buildActionMask = 2147483647;
			files = (
				42075C705E74F3FEDBB1DE96 /* confirmation.html in Resources */,
			);
			runOnlyForDeploymentPostprocessing = 0;
		};
/* End PBXResourcesBuildPhase section */

/* Begin PBXSourcesBuildPhase section */
		16FB1521CC9E7942A67F73C0 /* Sources */ = {
			isa = PBXSourcesBuildPhase;
			buildActionMask = 2147483647;
			files = (
				4943FCAF25A5207D02CD0B2C /* ContentView.swift in Sources */,
				4B97E2975046BA782E868860 /* RoktWebViewDemoApp.swift in Sources */,
				BFF544137347CC17846A6C31 /* ScriptMessageProxy.swift in Sources */,
				ED2519F3E32900A35A89111A /* WebView.swift in Sources */,
			);
			runOnlyForDeploymentPostprocessing = 0;
		};
/* End PBXSourcesBuildPhase section */

/* Begin XCBuildConfiguration section */
		0777549C5F9941DDBA5C6B5F /* Debug */ = {
			isa = XCBuildConfiguration;
			buildSettings = {
				ALWAYS_SEARCH_USER_PATHS = NO;
				CLANG_ANALYZER_NONNULL = YES;
				CLANG_ANALYZER_NUMBER_OBJECT_CONVERSION = YES_AGGRESSIVE;
				CLANG_CXX_LANGUAGE_STANDARD = "gnu++14";
				CLANG_CXX_LIBRARY = "libc++";
				CLANG_ENABLE_MODULES = YES;
				CLANG_ENABLE_OBJC_ARC = YES;
				CLANG_ENABLE_OBJC_WEAK = YES;
				CLANG_WARN_BLOCK_CAPTURE_AUTORELEASING = YES;
				CLANG_WARN_BOOL_CONVERSION = YES;
				CLANG_WARN_COMMA = YES;
				CLANG_WARN_CONSTANT_CONVERSION = YES;
				CLANG_WARN_DEPRECATED_OBJC_IMPLEMENTATIONS = YES;
				CLANG_WARN_DIRECT_OBJC_ISA_USAGE = YES_ERROR;
				CLANG_WARN_DOCUMENTATION_COMMENTS = YES;
				CLANG_WARN_EMPTY_BODY = YES;
				CLANG_WARN_ENUM_CONVERSION = YES;
				CLANG_WARN_INFINITE_RECURSION = YES;
				CLANG_WARN_INT_CONVERSION = YES;
				CLANG_WARN_NON_LITERAL_NULL_CONVERSION = YES;
				CLANG_WARN_OBJC_IMPLICIT_RETAIN_SELF = YES;
				CLANG_WARN_OBJC_LITERAL_CONVERSION = YES;
				CLANG_WARN_OBJC_ROOT_CLASS = YES_ERROR;
				CLANG_WARN_QUOTED_INCLUDE_IN_FRAMEWORK_HEADER = YES;
				CLANG_WARN_RANGE_LOOP_ANALYSIS = YES;
				CLANG_WARN_STRICT_PROTOTYPES = YES;
				CLANG_WARN_SUSPICIOUS_MOVE = YES;
				CLANG_WARN_UNGUARDED_AVAILABILITY = YES_AGGRESSIVE;
				CLANG_WARN_UNREACHABLE_CODE = YES;
				CLANG_WARN__DUPLICATE_METHOD_MATCH = YES;
				COPY_PHASE_STRIP = NO;
				DEBUG_INFORMATION_FORMAT = dwarf;
				ENABLE_STRICT_OBJC_MSGSEND = YES;
				ENABLE_TESTABILITY = YES;
				GCC_C_LANGUAGE_STANDARD = gnu11;
				GCC_DYNAMIC_NO_PIC = NO;
				GCC_NO_COMMON_BLOCKS = YES;
				GCC_OPTIMIZATION_LEVEL = 0;
				GCC_PREPROCESSOR_DEFINITIONS = (
					"$(inherited)",
					"DEBUG=1",
				);
				GCC_WARN_64_TO_32_BIT_CONVERSION = YES;
				GCC_WARN_ABOUT_RETURN_TYPE = YES_ERROR;
				GCC_WARN_UNDECLARED_SELECTOR = YES;
				GCC_WARN_UNINITIALIZED_AUTOS = YES_AGGRESSIVE;
				GCC_WARN_UNUSED_FUNCTION = YES;
				GCC_WARN_UNUSED_VARIABLE = YES;
				IPHONEOS_DEPLOYMENT_TARGET = 16.0;
				MTL_ENABLE_DEBUG_INFO = INCLUDE_SOURCE;
				MTL_FAST_MATH = YES;
				ONLY_ACTIVE_ARCH = YES;
				PRODUCT_NAME = "$(TARGET_NAME)";
				SDKROOT = iphoneos;
				SWIFT_ACTIVE_COMPILATION_CONDITIONS = DEBUG;
				SWIFT_OPTIMIZATION_LEVEL = "-Onone";
				SWIFT_VERSION = 5.0;
			};
			name = Debug;
		};
		44464151881B674370D3E35F /* Release */ = {
			isa = XCBuildConfiguration;
			buildSettings = {
				ALWAYS_SEARCH_USER_PATHS = NO;
				CLANG_ANALYZER_NONNULL = YES;
				CLANG_ANALYZER_NUMBER_OBJECT_CONVERSION = YES_AGGRESSIVE;
				CLANG_CXX_LANGUAGE_STANDARD = "gnu++14";
				CLANG_CXX_LIBRARY = "libc++";
				CLANG_ENABLE_MODULES = YES;
				CLANG_ENABLE_OBJC_ARC = YES;
				CLANG_ENABLE_OBJC_WEAK = YES;
				CLANG_WARN_BLOCK_CAPTURE_AUTORELEASING = YES;
				CLANG_WARN_BOOL_CONVERSION = YES;
				CLANG_WARN_COMMA = YES;
				CLANG_WARN_CONSTANT_CONVERSION = YES;
				CLANG_WARN_DEPRECATED_OBJC_IMPLEMENTATIONS = YES;
				CLANG_WARN_DIRECT_OBJC_ISA_USAGE = YES_ERROR;
				CLANG_WARN_DOCUMENTATION_COMMENTS = YES;
				CLANG_WARN_EMPTY_BODY = YES;
				CLANG_WARN_ENUM_CONVERSION = YES;
				CLANG_WARN_INFINITE_RECURSION = YES;
				CLANG_WARN_INT_CONVERSION = YES;
				CLANG_WARN_NON_LITERAL_NULL_CONVERSION = YES;
				CLANG_WARN_OBJC_IMPLICIT_RETAIN_SELF = YES;
				CLANG_WARN_OBJC_LITERAL_CONVERSION = YES;
				CLANG_WARN_OBJC_ROOT_CLASS = YES_ERROR;
				CLANG_WARN_QUOTED_INCLUDE_IN_FRAMEWORK_HEADER = YES;
				CLANG_WARN_RANGE_LOOP_ANALYSIS = YES;
				CLANG_WARN_STRICT_PROTOTYPES = YES;
				CLANG_WARN_SUSPICIOUS_MOVE = YES;
				CLANG_WARN_UNGUARDED_AVAILABILITY = YES_AGGRESSIVE;
				CLANG_WARN_UNREACHABLE_CODE = YES;
				CLANG_WARN__DUPLICATE_METHOD_MATCH = YES;
				COPY_PHASE_STRIP = NO;
				DEBUG_INFORMATION_FORMAT = "dwarf-with-dsym";
				ENABLE_NS_ASSERTIONS = NO;
				ENABLE_STRICT_OBJC_MSGSEND = YES;
				GCC_C_LANGUAGE_STANDARD = gnu11;
				GCC_NO_COMMON_BLOCKS = YES;
				GCC_WARN_64_TO_32_BIT_CONVERSION = YES;
				GCC_WARN_ABOUT_RETURN_TYPE = YES_ERROR;
				GCC_WARN_UNDECLARED_SELECTOR = YES;
				GCC_WARN_UNINITIALIZED_AUTOS = YES_AGGRESSIVE;
				GCC_WARN_UNUSED_FUNCTION = YES;
				GCC_WARN_UNUSED_VARIABLE = YES;
				IPHONEOS_DEPLOYMENT_TARGET = 16.0;
				MTL_ENABLE_DEBUG_INFO = NO;
				MTL_FAST_MATH = YES;
				PRODUCT_NAME = "$(TARGET_NAME)";
				SDKROOT = iphoneos;
				SWIFT_COMPILATION_MODE = wholemodule;
				SWIFT_OPTIMIZATION_LEVEL = "-O";
				SWIFT_VERSION = 5.0;
			};
			name = Release;
		};
		6DF15203D237A2889E44718C /* Debug */ = {
			isa = XCBuildConfiguration;
			buildSettings = {
				ASSETCATALOG_COMPILER_APPICON_NAME = AppIcon;
				CODE_SIGN_IDENTITY = "iPhone Developer";
				CODE_SIGN_STYLE = Automatic;
				CURRENT_PROJECT_VERSION = 1;
				INFOPLIST_FILE = RoktWebViewDemo/Info.plist;
				LD_RUNPATH_SEARCH_PATHS = (
					"$(inherited)",
					"@executable_path/Frameworks",
				);
				MARKETING_VERSION = 1.0;
				PRODUCT_BUNDLE_IDENTIFIER = com.rokt.webviewdemo;
				SDKROOT = iphoneos;
				SWIFT_EMIT_LOC_STRINGS = YES;
				TARGETED_DEVICE_FAMILY = "1,2";
			};
			name = Debug;
		};
		F52771E1A43FAEE6D9D535D3 /* Release */ = {
			isa = XCBuildConfiguration;
			buildSettings = {
				ASSETCATALOG_COMPILER_APPICON_NAME = AppIcon;
				CODE_SIGN_IDENTITY = "iPhone Developer";
				CODE_SIGN_STYLE = Automatic;
				CURRENT_PROJECT_VERSION = 1;
				INFOPLIST_FILE = RoktWebViewDemo/Info.plist;
				LD_RUNPATH_SEARCH_PATHS = (
					"$(inherited)",
					"@executable_path/Frameworks",
				);
				MARKETING_VERSION = 1.0;
				PRODUCT_BUNDLE_IDENTIFIER = com.rokt.webviewdemo;
				SDKROOT = iphoneos;
				SWIFT_EMIT_LOC_STRINGS = YES;
				TARGETED_DEVICE_FAMILY = "1,2";
			};
			name = Release;
		};
/* End XCBuildConfiguration section */

/* Begin XCConfigurationList section */
		B5D644AFB1D3C30F6D158276 /* Build configuration list for PBXProject "RoktWebViewDemo" */ = {
			isa = XCConfigurationList;
			buildConfigurations = (
				0777549C5F9941DDBA5C6B5F /* Debug */,
				44464151881B674370D3E35F /* Release */,
			);
			defaultConfigurationIsVisible = 0;
			defaultConfigurationName = Debug;
		};
		F25E22F298F513BCD76D56A7 /* Build configuration list for PBXNativeTarget "RoktWebViewDemo" */ = {
			isa = XCConfigurationList;
			buildConfigurations = (
				6DF15203D237A2889E44718C /* Debug */,
				F52771E1A43FAEE6D9D535D3 /* Release */,
			);
			defaultConfigurationIsVisible = 0;
			defaultConfigurationName = Debug;
		};
/* End XCConfigurationList section */
	};
	rootObject = 4AAAC14AFCD91AD81216A5C8 /* Project object */;
}
